
Microsoft Visual Studio Solution File, Format Version 11.00
# Visual Studio 2010
Project("{FAE04EC0-301F-11D3-BF4B-00C04F79EFBC}") = "Racing Game University Project", "Assembly-CSharp.csproj", "{1CCEC6C8-317A-9832-35B5-158CC8AD989D}"
EndProject
Project("{FAE04EC0-301F-11D3-BF4B-00C04F79EFBC}") = "Racing Game University Project", "Assembly-CSharp-Editor.csproj", "{8C5E4BE9-B3E4-81E4-4CFF-51A6FE5EEB50}"
EndProject
Global
	GlobalSection(SolutionConfigurationPlatforms) = preSolution
		Debug|Any CPU = Debug|Any CPU
		Release|Any CPU = Release|Any CPU
	EndGlobalSection
	GlobalSection(ProjectConfigurationPlatforms) = postSolution
		{1CCEC6C8-317A-9832-35B5-158CC8AD989D}.Debug|Any CPU.ActiveCfg = Debug|Any CPU
		{1CCEC6C8-317A-9832-35B5-158CC8AD989D}.Debug|Any CPU.Build.0 = Debug|Any CPU
		{1CCEC6C8-317A-9832-35B5-158CC8AD989D}.Release|Any CPU.ActiveCfg = Release|Any CPU
		{1CCEC6C8-317A-9832-35B5-158CC8AD989D}.Release|Any CPU.Build.0 = Release|Any CPU
		{8C5E4BE9-B3E4-81E4-4CFF-51A6FE5EEB50}.Debug|Any CPU.ActiveCfg = Debug|Any CPU
		{8C5E4BE9-B3E4-81E4-4CFF-51A6FE5EEB50}.Debug|Any CPU.Build.0 = Debug|Any CPU
		{8C5E4BE9-B3E4-81E4-4CFF-51A6FE5EEB50}.Release|Any CPU.ActiveCfg = Release|Any CPU
		{8C5E4BE9-B3E4-81E4-4CFF-51A6FE5EEB50}.Release|Any CPU.Build.0 = Release|Any CPU
	EndGlobalSection
	GlobalSection(SolutionProperties) = preSolution
		HideSolutionNode = FALSE
	EndGlobalSection
	GlobalSection(MonoDevelopProperties) = preSolution
		StartupItem = Assembly-CSharp.csproj
	EndGlobalSection
EndGlobal
